
Microsoft Visual Studio Solution File, Format Version 12.00
# Visual Studio Version 16
VisualStudioVersion = 16.0.30907.101
MinimumVisualStudioVersion = 15.0.26124.0
Project("{9A19103F-16F7-4668-BE54-9A1E7A4F7556}") = "Work4net.Model", "Work4net.Model\Work4net.Model.csproj", "{14D6A9B6-33BA-466A-B13F-FE96A7FAADD8}"
EndProject
Project("{9A19103F-16F7-4668-BE54-9A1E7A4F7556}") = "Work4net.Data", "Work4net.Data\Work4net.Data.csproj", "{247E440A-EB50-4023-B4C5-A255F924F0D9}"
EndProject
Project("{FAE04EC0-301F-11D3-BF4B-00C04F79EFBC}") = "Work4net.Execution", "Work4net.Execution\Work4net.Execution.csproj", "{83A7C66E-1093-4C53-BF77-9F80EF6C21BD}"
EndProject
Project("{FAE04EC0-301F-11D3-BF4B-00C04F79EFBC}") = "Work4net.Channel", "Work4net.Channel\Work4net.Channel.csproj", "{395F20BB-E807-4E7A-A9B9-9A0FBDE0A53C}"
EndProject
Project("{FAE04EC0-301F-11D3-BF4B-00C04F79EFBC}") = "Work4net.Controller", "Work4net.Controller\Work4net.Controller.csproj", "{5D203C71-D9BE-46C1-8BC5-5A3270700AE2}"
EndProject
Global
	GlobalSection(SolutionConfigurationPlatforms) = preSolution
		Debug|Any CPU = Debug|Any CPU
		Debug|x64 = Debug|x64
		Debug|x86 = Debug|x86
		Release|Any CPU = Release|Any CPU
		Release|x64 = Release|x64
		Release|x86 = Release|x86
	EndGlobalSection
	GlobalSection(ProjectConfigurationPlatforms) = postSolution
		{14D6A9B6-33BA-466A-B13F-FE96A7FAADD8}.Debug|Any CPU.ActiveCfg = Debug|Any CPU
		{14D6A9B6-33BA-466A-B13F-FE96A7FAADD8}.Debug|Any CPU.Build.0 = Debug|Any CPU
		{14D6A9B6-33BA-466A-B13F-FE96A7FAADD8}.Debug|x64.ActiveCfg = Debug|Any CPU
		{14D6A9B6-33BA-466A-B13F-FE96A7FAADD8}.Debug|x64.Build.0 = Debug|Any CPU
		{14D6A9B6-33BA-466A-B13F-FE96A7FAADD8}.Debug|x86.ActiveCfg = Debug|Any CPU
		{14D6A9B6-33BA-466A-B13F-FE96A7FAADD8}.Debug|x86.Build.0 = Debug|Any CPU
		{14D6A9B6-33BA-466A-B13F-FE96A7FAADD8}.Release|Any CPU.ActiveCfg = Release|Any CPU
		{14D6A9B6-33BA-466A-B13F-FE96A7FAADD8}.Release|Any CPU.Build.0 = Release|Any CPU
		{14D6A9B6-33BA-466A-B13F-FE96A7FAADD8}.Release|x64.ActiveCfg = Release|Any CPU
		{14D6A9B6-33BA-466A-B13F-FE96A7FAADD8}.Release|x64.Build.0 = Release|Any CPU
		{14D6A9B6-33BA-466A-B13F-FE96A7FAADD8}.Release|x86.ActiveCfg = Release|Any CPU
		{14D6A9B6-33BA-466A-B13F-FE96A7FAADD8}.Release|x86.Build.0 = Release|Any CPU
		{247E440A-EB50-4023-B4C5-A255F924F0D9}.Debug|Any CPU.ActiveCfg = Debug|Any CPU
		{247E440A-EB50-4023-B4C5-A255F924F0D9}.Debug|Any CPU.Build.0 = Debug|Any CPU
		{247E440A-EB50-4023-B4C5-A255F924F0D9}.Debug|x64.ActiveCfg = Debug|Any CPU
		{247E440A-EB50-4023-B4C5-A255F924F0D9}.Debug|x64.Build.0 = Debug|Any CPU
		{247E440A-EB50-4023-B4C5-A255F924F0D9}.Debug|x86.ActiveCfg = Debug|Any CPU
		{247E440A-EB50-4023-B4C5-A255F924F0D9}.Debug|x86.Build.0 = Debug|Any CPU
		{247E440A-EB50-4023-B4C5-A255F924F0D9}.Release|Any CPU.ActiveCfg = Release|Any CPU
		{247E440A-EB50-4023-B4C5-A255F924F0D9}.Release|Any CPU.Build.0 = Release|Any CPU
		{247E440A-EB50-4023-B4C5-A255F924F0D9}.Release|x64.ActiveCfg = Release|Any CPU
		{247E440A-EB50-4023-B4C5-A255F924F0D9}.Release|x64.Build.0 = Release|Any CPU
		{247E440A-EB50-4023-B4C5-A255F924F0D9}.Release|x86.ActiveCfg = Release|Any CPU
		{247E440A-EB50-4023-B4C5-A255F924F0D9}.Release|x86.Build.0 = Release|Any CPU
		{83A7C66E-1093-4C53-BF77-9F80EF6C21BD}.Debug|Any CPU.ActiveCfg = Debug|Any CPU
		{83A7C66E-1093-4C53-BF77-9F80EF6C21BD}.Debug|Any CPU.Build.0 = Debug|Any CPU
		{83A7C66E-1093-4C53-BF77-9F80EF6C21BD}.Debug|x64.ActiveCfg = Debug|Any CPU
		{83A7C66E-1093-4C53-BF77-9F80EF6C21BD}.Debug|x64.Build.0 = Debug|Any CPU
		{83A7C66E-1093-4C53-BF77-9F80EF6C21BD}.Debug|x86.ActiveCfg = Debug|Any CPU
		{83A7C66E-1093-4C53-BF77-9F80EF6C21BD}.Debug|x86.Build.0 = Debug|Any CPU
		{83A7C66E-1093-4C53-BF77-9F80EF6C21BD}.Release|Any CPU.ActiveCfg = Release|Any CPU
		{83A7C66E-1093-4C53-BF77-9F80EF6C21BD}.Release|Any CPU.Build.0 = Release|Any CPU
		{83A7C66E-1093-4C53-BF77-9F80EF6C21BD}.Release|x64.ActiveCfg = Release|Any CPU
		{83A7C66E-1093-4C53-BF77-9F80EF6C21BD}.Release|x64.Build.0 = Release|Any CPU
		{83A7C66E-1093-4C53-BF77-9F80EF6C21BD}.Release|x86.ActiveCfg = Release|Any CPU
		{83A7C66E-1093-4C53-BF77-9F80EF6C21BD}.Release|x86.Build.0 = Release|Any CPU
		{395F20BB-E807-4E7A-A9B9-9A0FBDE0A53C}.Debug|Any CPU.ActiveCfg = Debug|Any CPU
		{395F20BB-E807-4E7A-A9B9-9A0FBDE0A53C}.Debug|Any CPU.Build.0 = Debug|Any CPU
		{395F20BB-E807-4E7A-A9B9-9A0FBDE0A53C}.Debug|x64.ActiveCfg = Debug|Any CPU
		{395F20BB-E807-4E7A-A9B9-9A0FBDE0A53C}.Debug|x64.Build.0 = Debug|Any CPU
		{395F20BB-E807-4E7A-A9B9-9A0FBDE0A53C}.Debug|x86.ActiveCfg = Debug|Any CPU
		{395F20BB-E807-4E7A-A9B9-9A0FBDE0A53C}.Debug|x86.Build.0 = Debug|Any CPU
		{395F20BB-E807-4E7A-A9B9-9A0FBDE0A53C}.Release|Any CPU.ActiveCfg = Release|Any CPU
		{395F20BB-E807-4E7A-A9B9-9A0FBDE0A53C}.Release|Any CPU.Build.0 = Release|Any CPU
		{395F20BB-E807-4E7A-A9B9-9A0FBDE0A53C}.Release|x64.ActiveCfg = Release|Any CPU
		{395F20BB-E807-4E7A-A9B9-9A0FBDE0A53C}.Release|x64.Build.0 = Release|Any CPU
		{395F20BB-E807-4E7A-A9B9-9A0FBDE0A53C}.Release|x86.ActiveCfg = Release|Any CPU
		{395F20BB-E807-4E7A-A9B9-9A0FBDE0A53C}.Release|x86.Build.0 = Release|Any CPU
		{5D203C71-D9BE-46C1-8BC5-5A3270700AE2}.Debug|Any CPU.ActiveCfg = Debug|Any CPU
		{5D203C71-D9BE-46C1-8BC5-5A3270700AE2}.Debug|Any CPU.Build.0 = Debug|Any CPU
		{5D203C71-D9BE-46C1-8BC5-5A3270700AE2}.Debug|x64.ActiveCfg = Debug|Any CPU
		{5D203C71-D9BE-46C1-8BC5-5A3270700AE2}.Debug|x64.Build.0 = Debug|Any CPU
		{5D203C71-D9BE-46C1-8BC5-5A3270700AE2}.Debug|x86.ActiveCfg = Debug|Any CPU
		{5D203C71-D9BE-46C1-8BC5-5A3270700AE2}.Debug|x86.Build.0 = Debug|Any CPU
		{5D203C71-D9BE-46C1-8BC5-5A3270700AE2}.Release|Any CPU.ActiveCfg = Release|Any CPU
		{5D203C71-D9BE-46C1-8BC5-5A3270700AE2}.Release|Any CPU.Build.0 = Release|Any CPU
		{5D203C71-D9BE-46C1-8BC5-5A3270700AE2}.Release|x64.ActiveCfg = Release|Any CPU
		{5D203C71-D9BE-46C1-8BC5-5A3270700AE2}.Release|x64.Build.0 = Release|Any CPU
		{5D203C71-D9BE-46C1-8BC5-5A3270700AE2}.Release|x86.ActiveCfg = Release|Any CPU
		{5D203C71-D9BE-46C1-8BC5-5A3270700AE2}.Release|x86.Build.0 = Release|Any CPU
	EndGlobalSection
	GlobalSection(SolutionProperties) = preSolution
		HideSolutionNode = FALSE
	EndGlobalSection
	GlobalSection(ExtensibilityGlobals) = postSolution
		SolutionGuid = {E447F562-5437-46FB-8012-00011ECCD2DD}
	EndGlobalSection
EndGlobal
